
Microsoft Visual Studio Solution File, Format Version 12.00
# Visual Studio Version 16
VisualStudioVersion = 16.0.29911.84
MinimumVisualStudioVersion = 10.0.40219.1
Project("{FAE04EC0-301F-11D3-BF4B-00C04F79EFBC}") = "Entities", "Entities\Entities.csproj", "{87E2628D-B792-459E-ACBA-FB7F4CBD4BE4}"
EndProject
Project("{FAE04EC0-301F-11D3-BF4B-00C04F79EFBC}") = "DataAccess", "DataAccess\DataAccess.csproj", "{891658DC-E60A-4844-8D0C-5430E4B6E70D}"
EndProject
Project("{FAE04EC0-301F-11D3-BF4B-00C04F79EFBC}") = "Core", "Core\Core.csproj", "{C642F0B0-229B-41CC-AC99-375159BD0003}"
EndProject
Project("{FAE04EC0-301F-11D3-BF4B-00C04F79EFBC}") = "Business", "Business\Business.csproj", "{A1528260-2CEA-4B90-9622-459B58B8A96B}"
EndProject
Project("{FAE04EC0-301F-11D3-BF4B-00C04F79EFBC}") = "WebApi", "WebApi\WebApi.csproj", "{7D5B859A-67D1-4640-ABE1-C61785CD410A}"
EndProject
Global
	GlobalSection(SolutionConfigurationPlatforms) = preSolution
		Debug|Any CPU = Debug|Any CPU
		Release|Any CPU = Release|Any CPU
	EndGlobalSection
	GlobalSection(ProjectConfigurationPlatforms) = postSolution
		{87E2628D-B792-459E-ACBA-FB7F4CBD4BE4}.Debug|Any CPU.ActiveCfg = Debug|Any CPU
		{87E2628D-B792-459E-ACBA-FB7F4CBD4BE4}.Debug|Any CPU.Build.0 = Debug|Any CPU
		{87E2628D-B792-459E-ACBA-FB7F4CBD4BE4}.Release|Any CPU.ActiveCfg = Release|Any CPU
		{87E2628D-B792-459E-ACBA-FB7F4CBD4BE4}.Release|Any CPU.Build.0 = Release|Any CPU
		{891658DC-E60A-4844-8D0C-5430E4B6E70D}.Debug|Any CPU.ActiveCfg = Debug|Any CPU
		{891658DC-E60A-4844-8D0C-5430E4B6E70D}.Debug|Any CPU.Build.0 = Debug|Any CPU
		{891658DC-E60A-4844-8D0C-5430E4B6E70D}.Release|Any CPU.ActiveCfg = Release|Any CPU
		{891658DC-E60A-4844-8D0C-5430E4B6E70D}.Release|Any CPU.Build.0 = Release|Any CPU
		{C642F0B0-229B-41CC-AC99-375159BD0003}.Debug|Any CPU.ActiveCfg = Debug|Any CPU
		{C642F0B0-229B-41CC-AC99-375159BD0003}.Debug|Any CPU.Build.0 = Debug|Any CPU
		{C642F0B0-229B-41CC-AC99-375159BD0003}.Release|Any CPU.ActiveCfg = Release|Any CPU
		{C642F0B0-229B-41CC-AC99-375159BD0003}.Release|Any CPU.Build.0 = Release|Any CPU
		{A1528260-2CEA-4B90-9622-459B58B8A96B}.Debug|Any CPU.ActiveCfg = Debug|Any CPU
		{A1528260-2CEA-4B90-9622-459B58B8A96B}.Debug|Any CPU.Build.0 = Debug|Any CPU
		{A1528260-2CEA-4B90-9622-459B58B8A96B}.Release|Any CPU.ActiveCfg = Release|Any CPU
		{A1528260-2CEA-4B90-9622-459B58B8A96B}.Release|Any CPU.Build.0 = Release|Any CPU
		{7D5B859A-67D1-4640-ABE1-C61785CD410A}.Debug|Any CPU.ActiveCfg = Debug|Any CPU
		{7D5B859A-67D1-4640-ABE1-C61785CD410A}.Debug|Any CPU.Build.0 = Debug|Any CPU
		{7D5B859A-67D1-4640-ABE1-C61785CD410A}.Release|Any CPU.ActiveCfg = Release|Any CPU
		{7D5B859A-67D1-4640-ABE1-C61785CD410A}.Release|Any CPU.Build.0 = Release|Any CPU
	EndGlobalSection
	GlobalSection(SolutionProperties) = preSolution
		HideSolutionNode = FALSE
	EndGlobalSection
	GlobalSection(ExtensibilityGlobals) = postSolution
		SolutionGuid = {E280C5B9-F767-4D69-9D5B-F434B6E34116}
	EndGlobalSection
EndGlobal
